{
  "pins" : [
    {
      "identity" : "psnetwork",
      "kind" : "remoteSourceControl",
      "location" : "https://github.com/tiagopoleze/PSNetwork",
      "state" : {
        "branch" : "main",
        "revision" : "bf96cc411c2acace5d2ba324dcb64f929d70adae"
      }
    }
  ],
  "version" : 2
}
