{
  "pins" : [
    {
      "identity" : "psnetwork",
      "kind" : "remoteSourceControl",
      "location" : "https://github.com/tiagopoleze/PSNetwork",
      "state" : {
        "branch" : "main",
        "revision" : "8f2b41c4726d8b7aa38c51898c58104e5532b070"
      }
    }
  ],
  "version" : 2
}
